
Microsoft Visual Studio Solution File, Format Version 12.00
# Visual Studio Version 17
VisualStudioVersion = 17.7.34024.191
MinimumVisualStudioVersion = 10.0.40219.1
Project("{9A19103F-16F7-4668-BE54-9A1E7A4F7556}") = "LoginSignup", "LoginSignup\LoginSignup.csproj", "{E815F888-708C-4D7C-B89D-1582D73912C3}"
EndProject
Project("{FAE04EC0-301F-11D3-BF4B-00C04F79EFBC}") = "ASPSession", "ASPSession\ASPSession.csproj", "{852024F1-D0AC-4431-B04E-8BCB994640DE}"
EndProject
Global
	GlobalSection(SolutionConfigurationPlatforms) = preSolution
		Debug|Any CPU = Debug|Any CPU
		Release|Any CPU = Release|Any CPU
	EndGlobalSection
	GlobalSection(ProjectConfigurationPlatforms) = postSolution
		{E815F888-708C-4D7C-B89D-1582D73912C3}.Debug|Any CPU.ActiveCfg = Debug|Any CPU
		{E815F888-708C-4D7C-B89D-1582D73912C3}.Debug|Any CPU.Build.0 = Debug|Any CPU
		{E815F888-708C-4D7C-B89D-1582D73912C3}.Release|Any CPU.ActiveCfg = Release|Any CPU
		{E815F888-708C-4D7C-B89D-1582D73912C3}.Release|Any CPU.Build.0 = Release|Any CPU
		{852024F1-D0AC-4431-B04E-8BCB994640DE}.Debug|Any CPU.ActiveCfg = Debug|Any CPU
		{852024F1-D0AC-4431-B04E-8BCB994640DE}.Debug|Any CPU.Build.0 = Debug|Any CPU
		{852024F1-D0AC-4431-B04E-8BCB994640DE}.Release|Any CPU.ActiveCfg = Release|Any CPU
		{852024F1-D0AC-4431-B04E-8BCB994640DE}.Release|Any CPU.Build.0 = Release|Any CPU
	EndGlobalSection
	GlobalSection(SolutionProperties) = preSolution
		HideSolutionNode = FALSE
	EndGlobalSection
	GlobalSection(ExtensibilityGlobals) = postSolution
		SolutionGuid = {3EAB8F0A-CDFB-4DB3-9DE8-8D1D91794233}
	EndGlobalSection
EndGlobal
